
Microsoft Visual Studio Solution File, Format Version 12.00
# Visual Studio Version 17
VisualStudioVersion = 17.13.35913.81
MinimumVisualStudioVersion = 10.0.40219.1
Project("{FAE04EC0-301F-11D3-BF4B-00C04F79EFBC}") = "RideRotationApp2", "RideRotationApp2\RideRotationApp2.csproj", "{A6823414-DB86-473B-960F-2FE3E9846989}"
EndProject
Global
	GlobalSection(SolutionConfigurationPlatforms) = preSolution
		Debug|Any CPU = Debug|Any CPU
		Release|Any CPU = Release|Any CPU
	EndGlobalSection
	GlobalSection(ProjectConfigurationPlatforms) = postSolution
		{A6823414-DB86-473B-960F-2FE3E9846989}.Debug|Any CPU.ActiveCfg = Debug|Any CPU
		{A6823414-DB86-473B-960F-2FE3E9846989}.Debug|Any CPU.Build.0 = Debug|Any CPU
		{A6823414-DB86-473B-960F-2FE3E9846989}.Release|Any CPU.ActiveCfg = Release|Any CPU
		{A6823414-DB86-473B-960F-2FE3E9846989}.Release|Any CPU.Build.0 = Release|Any CPU
	EndGlobalSection
	GlobalSection(SolutionProperties) = preSolution
		HideSolutionNode = FALSE
	EndGlobalSection
	GlobalSection(ExtensibilityGlobals) = postSolution
		SolutionGuid = {7EE34AB7-E10C-4313-9209-BE2089462F57}
	EndGlobalSection
EndGlobal
